
Microsoft Visual Studio Solution File, Format Version 12.00
# Visual Studio Version 17
VisualStudioVersion = 17.5.002.0
MinimumVisualStudioVersion = 10.0.40219.1
Project("{9A19103F-16F7-4668-BE54-9A1E7A4F7556}") = "EcommerceApi", "EcommerceApi.csproj", "{1AB7F1DF-33F7-4D7E-85C7-8F2A55593504}"
EndProject
Global
	GlobalSection(SolutionConfigurationPlatforms) = preSolution
		Debug|Any CPU = Debug|Any CPU
		Release|Any CPU = Release|Any CPU
	EndGlobalSection
	GlobalSection(ProjectConfigurationPlatforms) = postSolution
		{1AB7F1DF-33F7-4D7E-85C7-8F2A55593504}.Debug|Any CPU.ActiveCfg = Debug|Any CPU
		{1AB7F1DF-33F7-4D7E-85C7-8F2A55593504}.Debug|Any CPU.Build.0 = Debug|Any CPU
		{1AB7F1DF-33F7-4D7E-85C7-8F2A55593504}.Release|Any CPU.ActiveCfg = Release|Any CPU
		{1AB7F1DF-33F7-4D7E-85C7-8F2A55593504}.Release|Any CPU.Build.0 = Release|Any CPU
	EndGlobalSection
	GlobalSection(SolutionProperties) = preSolution
		HideSolutionNode = FALSE
	EndGlobalSection
	GlobalSection(ExtensibilityGlobals) = postSolution
		SolutionGuid = {046AD943-5146-4239-A7C7-6B84FBAC1AB9}
	EndGlobalSection
EndGlobal
